
Microsoft Visual Studio Solution File, Format Version 12.00
# Visual Studio Version 16
VisualStudioVersion = 16.0.32126.315
MinimumVisualStudioVersion = 10.0.40219.1
Project("{FAE04EC0-301F-11D3-BF4B-00C04F79EFBC}") = "CaloriesCounterWithUserInput", "CaloriesCounterWithUserInput.csproj", "{58BB6152-0944-4CF4-AEF6-13E5C371B14F}"
EndProject
Global
	GlobalSection(SolutionConfigurationPlatforms) = preSolution
		Debug|Any CPU = Debug|Any CPU
		Release|Any CPU = Release|Any CPU
	EndGlobalSection
	GlobalSection(ProjectConfigurationPlatforms) = postSolution
		{58BB6152-0944-4CF4-AEF6-13E5C371B14F}.Debug|Any CPU.ActiveCfg = Debug|Any CPU
		{58BB6152-0944-4CF4-AEF6-13E5C371B14F}.Debug|Any CPU.Build.0 = Debug|Any CPU
		{58BB6152-0944-4CF4-AEF6-13E5C371B14F}.Release|Any CPU.ActiveCfg = Release|Any CPU
		{58BB6152-0944-4CF4-AEF6-13E5C371B14F}.Release|Any CPU.Build.0 = Release|Any CPU
	EndGlobalSection
	GlobalSection(SolutionProperties) = preSolution
		HideSolutionNode = FALSE
	EndGlobalSection
	GlobalSection(ExtensibilityGlobals) = postSolution
		SolutionGuid = {20B37832-32AF-4BE1-B339-AEAD2BD99398}
	EndGlobalSection
EndGlobal
